
Microsoft Visual Studio Solution File, Format Version 12.00
# Visual Studio Version 16
VisualStudioVersion = 16.0.30309.148
MinimumVisualStudioVersion = 10.0.40219.1
Project("{FAE04EC0-301F-11D3-BF4B-00C04F79EFBC}") = "Module4", "Module4\Module4.csproj", "{634BB0D2-148F-40D8-A6D3-5EA0CC035EE5}"
EndProject
Project("{FAE04EC0-301F-11D3-BF4B-00C04F79EFBC}") = "Module4b", "Module4b\Module4b.csproj", "{B5762A5F-4B14-401C-9083-1CF5965068B6}"
EndProject
Global
	GlobalSection(SolutionConfigurationPlatforms) = preSolution
		Debug|Any CPU = Debug|Any CPU
		Release|Any CPU = Release|Any CPU
	EndGlobalSection
	GlobalSection(ProjectConfigurationPlatforms) = postSolution
		{634BB0D2-148F-40D8-A6D3-5EA0CC035EE5}.Debug|Any CPU.ActiveCfg = Debug|Any CPU
		{634BB0D2-148F-40D8-A6D3-5EA0CC035EE5}.Debug|Any CPU.Build.0 = Debug|Any CPU
		{634BB0D2-148F-40D8-A6D3-5EA0CC035EE5}.Release|Any CPU.ActiveCfg = Release|Any CPU
		{634BB0D2-148F-40D8-A6D3-5EA0CC035EE5}.Release|Any CPU.Build.0 = Release|Any CPU
		{B5762A5F-4B14-401C-9083-1CF5965068B6}.Debug|Any CPU.ActiveCfg = Debug|Any CPU
		{B5762A5F-4B14-401C-9083-1CF5965068B6}.Debug|Any CPU.Build.0 = Debug|Any CPU
		{B5762A5F-4B14-401C-9083-1CF5965068B6}.Release|Any CPU.ActiveCfg = Release|Any CPU
		{B5762A5F-4B14-401C-9083-1CF5965068B6}.Release|Any CPU.Build.0 = Release|Any CPU
	EndGlobalSection
	GlobalSection(SolutionProperties) = preSolution
		HideSolutionNode = FALSE
	EndGlobalSection
	GlobalSection(ExtensibilityGlobals) = postSolution
		SolutionGuid = {6181F248-1CCB-4582-9FC4-79F253EB4E98}
	EndGlobalSection
EndGlobal
